{
  "name": "project_2",
  "lockfileVersion": 2,
  "requires": true,
  "packages": {
    "": {
      "dependencies": {
        "@fancyapps/ui": "^4.0.9"
      }
    },
    "node_modules/@fancyapps/ui": {
      "version": "4.0.9",
      "resolved": "https://registry.npmjs.org/@fancyapps/ui/-/ui-4.0.9.tgz",
      "integrity": "sha512-iBkzOdTmXQoe8HIjG9ujZKQEyieO7MJtHE+a+Ip5YDDMwjwRfAfRjWZJkhmnJEV8tvfTZ92MC/cePRdCn3GHHQ=="
    }
  },
  "dependencies": {
    "@fancyapps/ui": {
      "version": "4.0.9",
      "resolved": "https://registry.npmjs.org/@fancyapps/ui/-/ui-4.0.9.tgz",
      "integrity": "sha512-iBkzOdTmXQoe8HIjG9ujZKQEyieO7MJtHE+a+Ip5YDDMwjwRfAfRjWZJkhmnJEV8tvfTZ92MC/cePRdCn3GHHQ=="
    }
  }
}
